
Microsoft Visual Studio Solution File, Format Version 12.00
# Visual Studio Version 17
VisualStudioVersion = 17.13.35931.197 d17.13
MinimumVisualStudioVersion = 10.0.40219.1
Project("{FAE04EC0-301F-11D3-BF4B-00C04F79EFBC}") = "TestStandardDialog", "TestStandardDialog\TestStandardDialog.csproj", "{0DA344F1-F96C-4CCC-8564-363B5B6B8C4E}"
EndProject
Global
	GlobalSection(SolutionConfigurationPlatforms) = preSolution
		Debug|Any CPU = Debug|Any CPU
		Release|Any CPU = Release|Any CPU
	EndGlobalSection
	GlobalSection(ProjectConfigurationPlatforms) = postSolution
		{0DA344F1-F96C-4CCC-8564-363B5B6B8C4E}.Debug|Any CPU.ActiveCfg = Debug|Any CPU
		{0DA344F1-F96C-4CCC-8564-363B5B6B8C4E}.Debug|Any CPU.Build.0 = Debug|Any CPU
		{0DA344F1-F96C-4CCC-8564-363B5B6B8C4E}.Release|Any CPU.ActiveCfg = Release|Any CPU
		{0DA344F1-F96C-4CCC-8564-363B5B6B8C4E}.Release|Any CPU.Build.0 = Release|Any CPU
	EndGlobalSection
	GlobalSection(SolutionProperties) = preSolution
		HideSolutionNode = FALSE
	EndGlobalSection
	GlobalSection(ExtensibilityGlobals) = postSolution
		SolutionGuid = {A0C768C6-DBAA-49CE-A260-9C9411FC0BED}
	EndGlobalSection
EndGlobal
