
Microsoft Visual Studio Solution File, Format Version 12.00
# Visual Studio Version 17
VisualStudioVersion = 17.13.35931.197 d17.13
MinimumVisualStudioVersion = 10.0.40219.1
Project("{FAE04EC0-301F-11D3-BF4B-00C04F79EFBC}") = "WinFormsApp_ImpUserInterface", "WinFormsApp_ImpUserInterface\WinFormsApp_ImpUserInterface.csproj", "{060DF7F9-F98F-459C-86BE-F31EE5B97802}"
EndProject
Global
	GlobalSection(SolutionConfigurationPlatforms) = preSolution
		Debug|Any CPU = Debug|Any CPU
		Release|Any CPU = Release|Any CPU
	EndGlobalSection
	GlobalSection(ProjectConfigurationPlatforms) = postSolution
		{060DF7F9-F98F-459C-86BE-F31EE5B97802}.Debug|Any CPU.ActiveCfg = Debug|Any CPU
		{060DF7F9-F98F-459C-86BE-F31EE5B97802}.Debug|Any CPU.Build.0 = Debug|Any CPU
		{060DF7F9-F98F-459C-86BE-F31EE5B97802}.Release|Any CPU.ActiveCfg = Release|Any CPU
		{060DF7F9-F98F-459C-86BE-F31EE5B97802}.Release|Any CPU.Build.0 = Release|Any CPU
	EndGlobalSection
	GlobalSection(SolutionProperties) = preSolution
		HideSolutionNode = FALSE
	EndGlobalSection
	GlobalSection(ExtensibilityGlobals) = postSolution
		SolutionGuid = {667ED34C-B336-4C40-B78A-8FBACDD589B0}
	EndGlobalSection
EndGlobal
